// !$*UTF8*$!
{
	archiveVersion = 1;
	classes = {
	};
	objectVersion = 56;
	objects = {

/* Begin PBXBuildFile section */
		0F2CE9CF2B8EED070095DF52 /* TimerScreen.swift in Sources */ = {isa = PBXBuildFile; fileRef = 0F2CE9CE2B8EED070095DF52 /* TimerScreen.swift */; };
		0F2CE9D32B8F4D4D0095DF52 /* ResultScreen.swift in Sources */ = {isa = PBXBuildFile; fileRef = 0F2CE9D22B8F4D4D0095DF52 /* ResultScreen.swift */; };
		0F2CE9D52B9038F60095DF52 /* ProgressBar.swift in Sources */ = {isa = PBXBuildFile; fileRef = 0F2CE9D42B9038F60095DF52 /* ProgressBar.swift */; };
		0F2CE9DB2B919BF10095DF52 /* CircularProgressBar.swift in Sources */ = {isa = PBXBuildFile; fileRef = 0F2CE9DA2B919BF10095DF52 /* CircularProgressBar.swift */; };
		0FFC765E2B96602A008197FB /*  RadialGaugeChart.swift in Sources */ = {isa = PBXBuildFile; fileRef = 0FFC765D2B96602A008197FB /*  RadialGaugeChart.swift */; };
		0FFC76622B970325008197FB /* BarChart.swift in Sources */ = {isa = PBXBuildFile; fileRef = 0FFC76612B970325008197FB /* BarChart.swift */; };
		1F4ED1AB2B91DA690068503F /* WaveView.swift in Sources */ = {isa = PBXBuildFile; fileRef = 1F4ED1AA2B91DA690068503F /* WaveView.swift */; };
		1FC1108B2B90439C00B7C792 /* SideMenu.swift in Sources */ = {isa = PBXBuildFile; fileRef = 1FC1108A2B90439C00B7C792 /* SideMenu.swift */; };
		1FC110932B9053C900B7C792 /* FriendsView.swift in Sources */ = {isa = PBXBuildFile; fileRef = 1FC110922B9053C900B7C792 /* FriendsView.swift */; };
		1FC110952B9053FB00B7C792 /* ProSubscriptionView.swift in Sources */ = {isa = PBXBuildFile; fileRef = 1FC110942B9053FB00B7C792 /* ProSubscriptionView.swift */; };
		1FC110992B90542A00B7C792 /* TagsView.swift in Sources */ = {isa = PBXBuildFile; fileRef = 1FC110982B90542A00B7C792 /* TagsView.swift */; };
		1FC1109B2B90543800B7C792 /* AchievementsView.swift in Sources */ = {isa = PBXBuildFile; fileRef = 1FC1109A2B90543800B7C792 /* AchievementsView.swift */; };
		1FC1109D2B90544600B7C792 /* NewsView.swift in Sources */ = {isa = PBXBuildFile; fileRef = 1FC1109C2B90544600B7C792 /* NewsView.swift */; };
		1FC1109F2B90545400B7C792 /* SettingsView.swift in Sources */ = {isa = PBXBuildFile; fileRef = 1FC1109E2B90545400B7C792 /* SettingsView.swift */; };
		1FC118432B8EE2B7005C69AF /* GoalFishApp.swift in Sources */ = {isa = PBXBuildFile; fileRef = 1FC118422B8EE2B7005C69AF /* GoalFishApp.swift */; };
		1FC118452B8EE2B7005C69AF /* ContentView.swift in Sources */ = {isa = PBXBuildFile; fileRef = 1FC118442B8EE2B7005C69AF /* ContentView.swift */; };
		1FC118472B8EE2B8005C69AF /* Assets.xcassets in Resources */ = {isa = PBXBuildFile; fileRef = 1FC118462B8EE2B8005C69AF /* Assets.xcassets */; };
		1FC1184A2B8EE2B8005C69AF /* Preview Assets.xcassets in Resources */ = {isa = PBXBuildFile; fileRef = 1FC118492B8EE2B8005C69AF /* Preview Assets.xcassets */; };
		1FC118542B8EE2B8005C69AF /* GoalFishTests.swift in Sources */ = {isa = PBXBuildFile; fileRef = 1FC118532B8EE2B8005C69AF /* GoalFishTests.swift */; };
		1FC1185E2B8EE2B8005C69AF /* GoalFishUITests.swift in Sources */ = {isa = PBXBuildFile; fileRef = 1FC1185D2B8EE2B8005C69AF /* GoalFishUITests.swift */; };
		1FC118602B8EE2B8005C69AF /* GoalFishUITestsLaunchTests.swift in Sources */ = {isa = PBXBuildFile; fileRef = 1FC1185F2B8EE2B8005C69AF /* GoalFishUITestsLaunchTests.swift */; };
		1FC119292B8EFE97005C69AF /* FishSelectionView.swift in Sources */ = {isa = PBXBuildFile; fileRef = 1FC119282B8EFE97005C69AF /* FishSelectionView.swift */; };
		1FC1192B2B8F08D7005C69AF /* SplashScreen.swift in Sources */ = {isa = PBXBuildFile; fileRef = 1FC1192A2B8F08D7005C69AF /* SplashScreen.swift */; };
		DC3E0FD42BB2280400411550 /* StoreView.swift in Sources */ = {isa = PBXBuildFile; fileRef = 1FC110962B90541200B7C792 /* StoreView.swift */; };
		DC3E0FD62BB256B800411550 /* CircularSlider.swift in Sources */ = {isa = PBXBuildFile; fileRef = DC3E0FD52BB256B800411550 /* CircularSlider.swift */; };
/* End PBXBuildFile section */

/* Begin PBXContainerItemProxy section */
		1FC118502B8EE2B8005C69AF /* PBXContainerItemProxy */ = {
			isa = PBXContainerItemProxy;
			containerPortal = 1FC118372B8EE2B7005C69AF /* Project object */;
			proxyType = 1;
			remoteGlobalIDString = 1FC1183E2B8EE2B7005C69AF;
			remoteInfo = GoalFish;
		};
		1FC1185A2B8EE2B8005C69AF /* PBXContainerItemProxy */ = {
			isa = PBXContainerItemProxy;
			containerPortal = 1FC118372B8EE2B7005C69AF /* Project object */;
			proxyType = 1;
			remoteGlobalIDString = 1FC1183E2B8EE2B7005C69AF;
			remoteInfo = GoalFish;
		};
/* End PBXContainerItemProxy section */

/* Begin PBXFileReference section */
		0F2CE9CE2B8EED070095DF52 /* TimerScreen.swift */ = {isa = PBXFileReference; lastKnownFileType = sourcecode.swift; path = TimerScreen.swift; sourceTree = "<group>"; };
		0F2CE9D22B8F4D4D0095DF52 /* ResultScreen.swift */ = {isa = PBXFileReference; lastKnownFileType = sourcecode.swift; path = ResultScreen.swift; sourceTree = "<group>"; };
		0F2CE9D42B9038F60095DF52 /* ProgressBar.swift */ = {isa = PBXFileReference; lastKnownFileType = sourcecode.swift; path = ProgressBar.swift; sourceTree = "<group>"; };
		0F2CE9DA2B919BF10095DF52 /* CircularProgressBar.swift */ = {isa = PBXFileReference; lastKnownFileType = sourcecode.swift; path = CircularProgressBar.swift; sourceTree = "<group>"; };
		0FFC765D2B96602A008197FB /*  RadialGaugeChart.swift */ = {isa = PBXFileReference; lastKnownFileType = sourcecode.swift; path = " RadialGaugeChart.swift"; sourceTree = "<group>"; };
		0FFC76612B970325008197FB /* BarChart.swift */ = {isa = PBXFileReference; lastKnownFileType = sourcecode.swift; path = BarChart.swift; sourceTree = "<group>"; };
		1F4ED1AA2B91DA690068503F /* WaveView.swift */ = {isa = PBXFileReference; lastKnownFileType = sourcecode.swift; path = WaveView.swift; sourceTree = "<group>"; };
		1FC1108A2B90439C00B7C792 /* SideMenu.swift */ = {isa = PBXFileReference; lastKnownFileType = sourcecode.swift; path = SideMenu.swift; sourceTree = "<group>"; };
		1FC110922B9053C900B7C792 /* FriendsView.swift */ = {isa = PBXFileReference; lastKnownFileType = sourcecode.swift; path = FriendsView.swift; sourceTree = "<group>"; };
		1FC110942B9053FB00B7C792 /* ProSubscriptionView.swift */ = {isa = PBXFileReference; lastKnownFileType = sourcecode.swift; path = ProSubscriptionView.swift; sourceTree = "<group>"; };
		1FC110962B90541200B7C792 /* StoreView.swift */ = {isa = PBXFileReference; lastKnownFileType = sourcecode.swift; path = StoreView.swift; sourceTree = "<group>"; };
		1FC110982B90542A00B7C792 /* TagsView.swift */ = {isa = PBXFileReference; lastKnownFileType = sourcecode.swift; path = TagsView.swift; sourceTree = "<group>"; };
		1FC1109A2B90543800B7C792 /* AchievementsView.swift */ = {isa = PBXFileReference; lastKnownFileType = sourcecode.swift; path = AchievementsView.swift; sourceTree = "<group>"; };
		1FC1109C2B90544600B7C792 /* NewsView.swift */ = {isa = PBXFileReference; lastKnownFileType = sourcecode.swift; path = NewsView.swift; sourceTree = "<group>"; };
		1FC1109E2B90545400B7C792 /* SettingsView.swift */ = {isa = PBXFileReference; lastKnownFileType = sourcecode.swift; path = SettingsView.swift; sourceTree = "<group>"; };
		1FC1183F2B8EE2B7005C69AF /* GoalFish.app */ = {isa = PBXFileReference; explicitFileType = wrapper.application; includeInIndex = 0; path = GoalFish.app; sourceTree = BUILT_PRODUCTS_DIR; };
		1FC118422B8EE2B7005C69AF /* GoalFishApp.swift */ = {isa = PBXFileReference; lastKnownFileType = sourcecode.swift; path = GoalFishApp.swift; sourceTree = "<group>"; };
		1FC118442B8EE2B7005C69AF /* ContentView.swift */ = {isa = PBXFileReference; lastKnownFileType = sourcecode.swift; path = ContentView.swift; sourceTree = "<group>"; };
		1FC118462B8EE2B8005C69AF /* Assets.xcassets */ = {isa = PBXFileReference; lastKnownFileType = folder.assetcatalog; path = Assets.xcassets; sourceTree = "<group>"; };
		1FC118492B8EE2B8005C69AF /* Preview Assets.xcassets */ = {isa = PBXFileReference; lastKnownFileType = folder.assetcatalog; path = "Preview Assets.xcassets"; sourceTree = "<group>"; };
		1FC1184F2B8EE2B8005C69AF /* GoalFishTests.xctest */ = {isa = PBXFileReference; explicitFileType = wrapper.cfbundle; includeInIndex = 0; path = GoalFishTests.xctest; sourceTree = BUILT_PRODUCTS_DIR; };
		1FC118532B8EE2B8005C69AF /* GoalFishTests.swift */ = {isa = PBXFileReference; lastKnownFileType = sourcecode.swift; path = GoalFishTests.swift; sourceTree = "<group>"; };
		1FC118592B8EE2B8005C69AF /* GoalFishUITests.xctest */ = {isa = PBXFileReference; explicitFileType = wrapper.cfbundle; includeInIndex = 0; path = GoalFishUITests.xctest; sourceTree = BUILT_PRODUCTS_DIR; };
		1FC1185D2B8EE2B8005C69AF /* GoalFishUITests.swift */ = {isa = PBXFileReference; lastKnownFileType = sourcecode.swift; path = GoalFishUITests.swift; sourceTree = "<group>"; };
		1FC1185F2B8EE2B8005C69AF /* GoalFishUITestsLaunchTests.swift */ = {isa = PBXFileReference; lastKnownFileType = sourcecode.swift; path = GoalFishUITestsLaunchTests.swift; sourceTree = "<group>"; };
		1FC119282B8EFE97005C69AF /* FishSelectionView.swift */ = {isa = PBXFileReference; lastKnownFileType = sourcecode.swift; path = FishSelectionView.swift; sourceTree = "<group>"; };
		1FC1192A2B8F08D7005C69AF /* SplashScreen.swift */ = {isa = PBXFileReference; lastKnownFileType = sourcecode.swift; path = SplashScreen.swift; sourceTree = "<group>"; };
		DC3E0FD52BB256B800411550 /* CircularSlider.swift */ = {isa = PBXFileReference; lastKnownFileType = sourcecode.swift; path = CircularSlider.swift; sourceTree = "<group>"; };
/* End PBXFileReference section */

/* Begin PBXFrameworksBuildPhase section */
		1FC1183C2B8EE2B7005C69AF /* Frameworks */ = {
			isa = PBXFrameworksBuildPhase;
			buildActionMask = 2147483647;
			files = (
			);
			runOnlyForDeploymentPostprocessing = 0;
		};
		1FC1184C2B8EE2B8005C69AF /* Frameworks */ = {
			isa = PBXFrameworksBuildPhase;
			buildActionMask = 2147483647;
			files = (
			);
			runOnlyForDeploymentPostprocessing = 0;
		};
		1FC118562B8EE2B8005C69AF /* Frameworks */ = {
			isa = PBXFrameworksBuildPhase;
			buildActionMask = 2147483647;
			files = (
			);
			runOnlyForDeploymentPostprocessing = 0;
		};
/* End PBXFrameworksBuildPhase section */

/* Begin PBXGroup section */
		1FC118362B8EE2B7005C69AF = {
			isa = PBXGroup;
			children = (
				1FC118412B8EE2B7005C69AF /* GoalFish */,
				1FC118522B8EE2B8005C69AF /* GoalFishTests */,
				1FC1185C2B8EE2B8005C69AF /* GoalFishUITests */,
				1FC118402B8EE2B7005C69AF /* Products */,
			);
			sourceTree = "<group>";
		};
		1FC118402B8EE2B7005C69AF /* Products */ = {
			isa = PBXGroup;
			children = (
				1FC1183F2B8EE2B7005C69AF /* GoalFish.app */,
				1FC1184F2B8EE2B8005C69AF /* GoalFishTests.xctest */,
				1FC118592B8EE2B8005C69AF /* GoalFishUITests.xctest */,
			);
			name = Products;
			sourceTree = "<group>";
		};
		1FC118412B8EE2B7005C69AF /* GoalFish */ = {
			isa = PBXGroup;
			children = (
				1FC118422B8EE2B7005C69AF /* GoalFishApp.swift */,
				1FC118442B8EE2B7005C69AF /* ContentView.swift */,
				DC3E0FD52BB256B800411550 /* CircularSlider.swift */,
				1F4ED1AA2B91DA690068503F /* WaveView.swift */,
				1FC1108A2B90439C00B7C792 /* SideMenu.swift */,
				1FC110922B9053C900B7C792 /* FriendsView.swift */,
				1FC110982B90542A00B7C792 /* TagsView.swift */,
				0FFC765D2B96602A008197FB /*  RadialGaugeChart.swift */,
				1FC1109A2B90543800B7C792 /* AchievementsView.swift */,
				1FC1109C2B90544600B7C792 /* NewsView.swift */,
				1FC1109E2B90545400B7C792 /* SettingsView.swift */,
				1FC110942B9053FB00B7C792 /* ProSubscriptionView.swift */,
				1FC1192A2B8F08D7005C69AF /* SplashScreen.swift */,
				0F2CE9CE2B8EED070095DF52 /* TimerScreen.swift */,
				0F2CE9D22B8F4D4D0095DF52 /* ResultScreen.swift */,
				0F2CE9DA2B919BF10095DF52 /* CircularProgressBar.swift */,
				0F2CE9D42B9038F60095DF52 /* ProgressBar.swift */,
				0FFC76612B970325008197FB /* BarChart.swift */,
				1FC110962B90541200B7C792 /* StoreView.swift */,
				1FC119282B8EFE97005C69AF /* FishSelectionView.swift */,
				1FC118462B8EE2B8005C69AF /* Assets.xcassets */,
				1FC118482B8EE2B8005C69AF /* Preview Content */,
			);
			path = GoalFish;
			sourceTree = "<group>";
		};
		1FC118482B8EE2B8005C69AF /* Preview Content */ = {
			isa = PBXGroup;
			children = (
				1FC118492B8EE2B8005C69AF /* Preview Assets.xcassets */,
			);
			path = "Preview Content";
			sourceTree = "<group>";
		};
		1FC118522B8EE2B8005C69AF /* GoalFishTests */ = {
			isa = PBXGroup;
			children = (
				1FC118532B8EE2B8005C69AF /* GoalFishTests.swift */,
			);
			path = GoalFishTests;
			sourceTree = "<group>";
		};
		1FC1185C2B8EE2B8005C69AF /* GoalFishUITests */ = {
			isa = PBXGroup;
			children = (
				1FC1185D2B8EE2B8005C69AF /* GoalFishUITests.swift */,
				1FC1185F2B8EE2B8005C69AF /* GoalFishUITestsLaunchTests.swift */,
			);
			path = GoalFishUITests;
			sourceTree = "<group>";
		};
/* End PBXGroup section */

/* Begin PBXNativeTarget section */
		1FC1183E2B8EE2B7005C69AF /* GoalFish */ = {
			isa = PBXNativeTarget;
			buildConfigurationList = 1FC118632B8EE2B8005C69AF /* Build configuration list for PBXNativeTarget "GoalFish" */;
			buildPhases = (
				1FC1183B2B8EE2B7005C69AF /* Sources */,
				1FC1183C2B8EE2B7005C69AF /* Frameworks */,
				1FC1183D2B8EE2B7005C69AF /* Resources */,
			);
			buildRules = (
			);
			dependencies = (
			);
			name = GoalFish;
			packageProductDependencies = (
			);
			productName = GoalFish;
			productReference = 1FC1183F2B8EE2B7005C69AF /* GoalFish.app */;
			productType = "com.apple.product-type.application";
		};
		1FC1184E2B8EE2B8005C69AF /* GoalFishTests */ = {
			isa = PBXNativeTarget;
			buildConfigurationList = 1FC118662B8EE2B8005C69AF /* Build configuration list for PBXNativeTarget "GoalFishTests" */;
			buildPhases = (
				1FC1184B2B8EE2B8005C69AF /* Sources */,
				1FC1184C2B8EE2B8005C69AF /* Frameworks */,
				1FC1184D2B8EE2B8005C69AF /* Resources */,
			);
			buildRules = (
			);
			dependencies = (
				1FC118512B8EE2B8005C69AF /* PBXTargetDependency */,
			);
			name = GoalFishTests;
			productName = GoalFishTests;
			productReference = 1FC1184F2B8EE2B8005C69AF /* GoalFishTests.xctest */;
			productType = "com.apple.product-type.bundle.unit-test";
		};
		1FC118582B8EE2B8005C69AF /* GoalFishUITests */ = {
			isa = PBXNativeTarget;
			buildConfigurationList = 1FC118692B8EE2B8005C69AF /* Build configuration list for PBXNativeTarget "GoalFishUITests" */;
			buildPhases = (
				1FC118552B8EE2B8005C69AF /* Sources */,
				1FC118562B8EE2B8005C69AF /* Frameworks */,
				1FC118572B8EE2B8005C69AF /* Resources */,
			);
			buildRules = (
			);
			dependencies = (
				1FC1185B2B8EE2B8005C69AF /* PBXTargetDependency */,
			);
			name = GoalFishUITests;
			productName = GoalFishUITests;
			productReference = 1FC118592B8EE2B8005C69AF /* GoalFishUITests.xctest */;
			productType = "com.apple.product-type.bundle.ui-testing";
		};
/* End PBXNativeTarget section */

/* Begin PBXProject section */
		1FC118372B8EE2B7005C69AF /* Project object */ = {
			isa = PBXProject;
			attributes = {
				BuildIndependentTargetsInParallel = 1;
				LastSwiftUpdateCheck = 1520;
				LastUpgradeCheck = 1520;
				TargetAttributes = {
					1FC1183E2B8EE2B7005C69AF = {
						CreatedOnToolsVersion = 15.2;
					};
					1FC1184E2B8EE2B8005C69AF = {
						CreatedOnToolsVersion = 15.2;
						TestTargetID = 1FC1183E2B8EE2B7005C69AF;
					};
					1FC118582B8EE2B8005C69AF = {
						CreatedOnToolsVersion = 15.2;
						TestTargetID = 1FC1183E2B8EE2B7005C69AF;
					};
				};
			};
			buildConfigurationList = 1FC1183A2B8EE2B7005C69AF /* Build configuration list for PBXProject "GoalFish" */;
			compatibilityVersion = "Xcode 14.0";
			developmentRegion = en;
			hasScannedForEncodings = 0;
			knownRegions = (
				en,
				Base,
			);
			mainGroup = 1FC118362B8EE2B7005C69AF;
			packageReferences = (
			);
			productRefGroup = 1FC118402B8EE2B7005C69AF /* Products */;
			projectDirPath = "";
			projectRoot = "";
			targets = (
				1FC1183E2B8EE2B7005C69AF /* GoalFish */,
				1FC1184E2B8EE2B8005C69AF /* GoalFishTests */,
				1FC118582B8EE2B8005C69AF /* GoalFishUITests */,
			);
		};
/* End PBXProject section */

/* Begin PBXResourcesBuildPhase section */
		1FC1183D2B8EE2B7005C69AF /* Resources */ = {
			isa = PBXResourcesBuildPhase;
			buildActionMask = 2147483647;
			files = (
				1FC1184A2B8EE2B8005C69AF /* Preview Assets.xcassets in Resources */,
				1FC118472B8EE2B8005C69AF /* Assets.xcassets in Resources */,
			);
			runOnlyForDeploymentPostprocessing = 0;
		};
		1FC1184D2B8EE2B8005C69AF /* Resources */ = {
			isa = PBXResourcesBuildPhase;
			buildActionMask = 2147483647;
			files = (
			);
			runOnlyForDeploymentPostprocessing = 0;
		};
		1FC118572B8EE2B8005C69AF /* Resources */ = {
			isa = PBXResourcesBuildPhase;
			buildActionMask = 2147483647;
			files = (
			);
			runOnlyForDeploymentPostprocessing = 0;
		};
/* End PBXResourcesBuildPhase section */

/* Begin PBXSourcesBuildPhase section */
		1FC1183B2B8EE2B7005C69AF /* Sources */ = {
			isa = PBXSourcesBuildPhase;
			buildActionMask = 2147483647;
			files = (
				1FC1192B2B8F08D7005C69AF /* SplashScreen.swift in Sources */,
				1FC1109B2B90543800B7C792 /* AchievementsView.swift in Sources */,
				1FC1109D2B90544600B7C792 /* NewsView.swift in Sources */,
				DC3E0FD62BB256B800411550 /* CircularSlider.swift in Sources */,
				1FC118452B8EE2B7005C69AF /* ContentView.swift in Sources */,
				1FC119292B8EFE97005C69AF /* FishSelectionView.swift in Sources */,
				0F2CE9CF2B8EED070095DF52 /* TimerScreen.swift in Sources */,
				1F4ED1AB2B91DA690068503F /* WaveView.swift in Sources */,
				1FC110992B90542A00B7C792 /* TagsView.swift in Sources */,
				0F2CE9D32B8F4D4D0095DF52 /* ResultScreen.swift in Sources */,
				1FC1109F2B90545400B7C792 /* SettingsView.swift in Sources */,
				1FC118432B8EE2B7005C69AF /* GoalFishApp.swift in Sources */,
				0FFC76622B970325008197FB /* BarChart.swift in Sources */,
				0FFC765E2B96602A008197FB /*  RadialGaugeChart.swift in Sources */,
				DC3E0FD42BB2280400411550 /* StoreView.swift in Sources */,
				1FC1108B2B90439C00B7C792 /* SideMenu.swift in Sources */,
				0F2CE9DB2B919BF10095DF52 /* CircularProgressBar.swift in Sources */,
				0F2CE9D52B9038F60095DF52 /* ProgressBar.swift in Sources */,
				1FC110932B9053C900B7C792 /* FriendsView.swift in Sources */,
				1FC110952B9053FB00B7C792 /* ProSubscriptionView.swift in Sources */,
			);
			runOnlyForDeploymentPostprocessing = 0;
		};
		1FC1184B2B8EE2B8005C69AF /* Sources */ = {
			isa = PBXSourcesBuildPhase;
			buildActionMask = 2147483647;
			files = (
				1FC118542B8EE2B8005C69AF /* GoalFishTests.swift in Sources */,
			);
			runOnlyForDeploymentPostprocessing = 0;
		};
		1FC118552B8EE2B8005C69AF /* Sources */ = {
			isa = PBXSourcesBuildPhase;
			buildActionMask = 2147483647;
			files = (
				1FC118602B8EE2B8005C69AF /* GoalFishUITestsLaunchTests.swift in Sources */,
				1FC1185E2B8EE2B8005C69AF /* GoalFishUITests.swift in Sources */,
			);
			runOnlyForDeploymentPostprocessing = 0;
		};
/* End PBXSourcesBuildPhase section */

/* Begin PBXTargetDependency section */
		1FC118512B8EE2B8005C69AF /* PBXTargetDependency */ = {
			isa = PBXTargetDependency;
			target = 1FC1183E2B8EE2B7005C69AF /* GoalFish */;
			targetProxy = 1FC118502B8EE2B8005C69AF /* PBXContainerItemProxy */;
		};
		1FC1185B2B8EE2B8005C69AF /* PBXTargetDependency */ = {
			isa = PBXTargetDependency;
			target = 1FC1183E2B8EE2B7005C69AF /* GoalFish */;
			targetProxy = 1FC1185A2B8EE2B8005C69AF /* PBXContainerItemProxy */;
		};
/* End PBXTargetDependency section */

/* Begin XCBuildConfiguration section */
		1FC118612B8EE2B8005C69AF /* Debug */ = {
			isa = XCBuildConfiguration;
			buildSettings = {
				ALWAYS_SEARCH_USER_PATHS = NO;
				ASSETCATALOG_COMPILER_GENERATE_SWIFT_ASSET_SYMBOL_EXTENSIONS = YES;
				CLANG_ANALYZER_NONNULL = YES;
				CLANG_ANALYZER_NUMBER_OBJECT_CONVERSION = YES_AGGRESSIVE;
				CLANG_CXX_LANGUAGE_STANDARD = "gnu++20";
				CLANG_ENABLE_MODULES = YES;
				CLANG_ENABLE_OBJC_ARC = YES;
				CLANG_ENABLE_OBJC_WEAK = YES;
				CLANG_WARN_BLOCK_CAPTURE_AUTORELEASING = YES;
				CLANG_WARN_BOOL_CONVERSION = YES;
				CLANG_WARN_COMMA = YES;
				CLANG_WARN_CONSTANT_CONVERSION = YES;
				CLANG_WARN_DEPRECATED_OBJC_IMPLEMENTATIONS = YES;
				CLANG_WARN_DIRECT_OBJC_ISA_USAGE = YES_ERROR;
				CLANG_WARN_DOCUMENTATION_COMMENTS = YES;
				CLANG_WARN_EMPTY_BODY = YES;
				CLANG_WARN_ENUM_CONVERSION = YES;
				CLANG_WARN_INFINITE_RECURSION = YES;
				CLANG_WARN_INT_CONVERSION = YES;
				CLANG_WARN_NON_LITERAL_NULL_CONVERSION = YES;
				CLANG_WARN_OBJC_IMPLICIT_RETAIN_SELF = YES;
				CLANG_WARN_OBJC_LITERAL_CONVERSION = YES;
				CLANG_WARN_OBJC_ROOT_CLASS = YES_ERROR;
				CLANG_WARN_QUOTED_INCLUDE_IN_FRAMEWORK_HEADER = YES;
				CLANG_WARN_RANGE_LOOP_ANALYSIS = YES;
				CLANG_WARN_STRICT_PROTOTYPES = YES;
				CLANG_WARN_SUSPICIOUS_MOVE = YES;
				CLANG_WARN_UNGUARDED_AVAILABILITY = YES_AGGRESSIVE;
				CLANG_WARN_UNREACHABLE_CODE = YES;
				CLANG_WARN__DUPLICATE_METHOD_MATCH = YES;
				COPY_PHASE_STRIP = NO;
				DEBUG_INFORMATION_FORMAT = dwarf;
				ENABLE_STRICT_OBJC_MSGSEND = YES;
				ENABLE_TESTABILITY = YES;
				ENABLE_USER_SCRIPT_SANDBOXING = YES;
				GCC_C_LANGUAGE_STANDARD = gnu17;
				GCC_DYNAMIC_NO_PIC = NO;
				GCC_NO_COMMON_BLOCKS = YES;
				GCC_OPTIMIZATION_LEVEL = 0;
				GCC_PREPROCESSOR_DEFINITIONS = (
					"DEBUG=1",
					"$(inherited)",
				);
				GCC_WARN_64_TO_32_BIT_CONVERSION = YES;
				GCC_WARN_ABOUT_RETURN_TYPE = YES_ERROR;
				GCC_WARN_UNDECLARED_SELECTOR = YES;
				GCC_WARN_UNINITIALIZED_AUTOS = YES_AGGRESSIVE;
				GCC_WARN_UNUSED_FUNCTION = YES;
				GCC_WARN_UNUSED_VARIABLE = YES;
				IPHONEOS_DEPLOYMENT_TARGET = 17.2;
				LOCALIZATION_PREFERS_STRING_CATALOGS = YES;
				MTL_ENABLE_DEBUG_INFO = INCLUDE_SOURCE;
				MTL_FAST_MATH = YES;
				ONLY_ACTIVE_ARCH = YES;
				SDKROOT = iphoneos;
				SWIFT_ACTIVE_COMPILATION_CONDITIONS = "DEBUG $(inherited)";
				SWIFT_OPTIMIZATION_LEVEL = "-Onone";
			};
			name = Debug;
		};
		1FC118622B8EE2B8005C69AF /* Release */ = {
			isa = XCBuildConfiguration;
			buildSettings = {
				ALWAYS_SEARCH_USER_PATHS = NO;
				ASSETCATALOG_COMPILER_GENERATE_SWIFT_ASSET_SYMBOL_EXTENSIONS = YES;
				CLANG_ANALYZER_NONNULL = YES;
				CLANG_ANALYZER_NUMBER_OBJECT_CONVERSION = YES_AGGRESSIVE;
				CLANG_CXX_LANGUAGE_STANDARD = "gnu++20";
				CLANG_ENABLE_MODULES = YES;
				CLANG_ENABLE_OBJC_ARC = YES;
				CLANG_ENABLE_OBJC_WEAK = YES;
				CLANG_WARN_BLOCK_CAPTURE_AUTORELEASING = YES;
				CLANG_WARN_BOOL_CONVERSION = YES;
				CLANG_WARN_COMMA = YES;
				CLANG_WARN_CONSTANT_CONVERSION = YES;
				CLANG_WARN_DEPRECATED_OBJC_IMPLEMENTATIONS = YES;
				CLANG_WARN_DIRECT_OBJC_ISA_USAGE = YES_ERROR;
				CLANG_WARN_DOCUMENTATION_COMMENTS = YES;
				CLANG_WARN_EMPTY_BODY = YES;
				CLANG_WARN_ENUM_CONVERSION = YES;
				CLANG_WARN_INFINITE_RECURSION = YES;
				CLANG_WARN_INT_CONVERSION = YES;
				CLANG_WARN_NON_LITERAL_NULL_CONVERSION = YES;
				CLANG_WARN_OBJC_IMPLICIT_RETAIN_SELF = YES;
				CLANG_WARN_OBJC_LITERAL_CONVERSION = YES;
				CLANG_WARN_OBJC_ROOT_CLASS = YES_ERROR;
				CLANG_WARN_QUOTED_INCLUDE_IN_FRAMEWORK_HEADER = YES;
				CLANG_WARN_RANGE_LOOP_ANALYSIS = YES;
				CLANG_WARN_STRICT_PROTOTYPES = YES;
				CLANG_WARN_SUSPICIOUS_MOVE = YES;
				CLANG_WARN_UNGUARDED_AVAILABILITY = YES_AGGRESSIVE;
				CLANG_WARN_UNREACHABLE_CODE = YES;
				CLANG_WARN__DUPLICATE_METHOD_MATCH = YES;
				COPY_PHASE_STRIP = NO;
				DEBUG_INFORMATION_FORMAT = "dwarf-with-dsym";
				ENABLE_NS_ASSERTIONS = NO;
				ENABLE_STRICT_OBJC_MSGSEND = YES;
				ENABLE_USER_SCRIPT_SANDBOXING = YES;
				GCC_C_LANGUAGE_STANDARD = gnu17;
				GCC_NO_COMMON_BLOCKS = YES;
				GCC_WARN_64_TO_32_BIT_CONVERSION = YES;
				GCC_WARN_ABOUT_RETURN_TYPE = YES_ERROR;
				GCC_WARN_UNDECLARED_SELECTOR = YES;
				GCC_WARN_UNINITIALIZED_AUTOS = YES_AGGRESSIVE;
				GCC_WARN_UNUSED_FUNCTION = YES;
				GCC_WARN_UNUSED_VARIABLE = YES;
				IPHONEOS_DEPLOYMENT_TARGET = 17.2;
				LOCALIZATION_PREFERS_STRING_CATALOGS = YES;
				MTL_ENABLE_DEBUG_INFO = NO;
				MTL_FAST_MATH = YES;
				SDKROOT = iphoneos;
				SWIFT_COMPILATION_MODE = wholemodule;
				VALIDATE_PRODUCT = YES;
			};
			name = Release;
		};
		1FC118642B8EE2B8005C69AF /* Debug */ = {
			isa = XCBuildConfiguration;
			buildSettings = {
				ASSETCATALOG_COMPILER_APPICON_NAME = AppIcon;
				ASSETCATALOG_COMPILER_GLOBAL_ACCENT_COLOR_NAME = AccentColor;
				CODE_SIGN_STYLE = Automatic;
				CURRENT_PROJECT_VERSION = 1;
				DEVELOPMENT_ASSET_PATHS = "\"GoalFish/Preview Content\"";
				DEVELOPMENT_TEAM = M48R2TTZMN;
				ENABLE_PREVIEWS = YES;
				GENERATE_INFOPLIST_FILE = YES;
				INFOPLIST_KEY_UIApplicationSceneManifest_Generation = YES;
				INFOPLIST_KEY_UIApplicationSupportsIndirectInputEvents = YES;
				INFOPLIST_KEY_UILaunchScreen_Generation = YES;
				INFOPLIST_KEY_UISupportedInterfaceOrientations_iPad = "UIInterfaceOrientationPortrait UIInterfaceOrientationPortraitUpsideDown UIInterfaceOrientationLandscapeLeft UIInterfaceOrientationLandscapeRight";
				INFOPLIST_KEY_UISupportedInterfaceOrientations_iPhone = "UIInterfaceOrientationPortrait UIInterfaceOrientationLandscapeLeft UIInterfaceOrientationLandscapeRight";
				LD_RUNPATH_SEARCH_PATHS = (
					"$(inherited)",
					"@executable_path/Frameworks",
				);
				MARKETING_VERSION = 1.0;
				PRODUCT_BUNDLE_IDENTIFIER = arjun.GoalFish;
				PRODUCT_NAME = "$(TARGET_NAME)";
				SWIFT_EMIT_LOC_STRINGS = YES;
				SWIFT_VERSION = 5.0;
				TARGETED_DEVICE_FAMILY = "1,2";
			};
			name = Debug;
		};
		1FC118652B8EE2B8005C69AF /* Release */ = {
			isa = XCBuildConfiguration;
			buildSettings = {
				ASSETCATALOG_COMPILER_APPICON_NAME = AppIcon;
				ASSETCATALOG_COMPILER_GLOBAL_ACCENT_COLOR_NAME = AccentColor;
				CODE_SIGN_STYLE = Automatic;
				CURRENT_PROJECT_VERSION = 1;
				DEVELOPMENT_ASSET_PATHS = "\"GoalFish/Preview Content\"";
				DEVELOPMENT_TEAM = M48R2TTZMN;
				ENABLE_PREVIEWS = YES;
				GENERATE_INFOPLIST_FILE = YES;
				INFOPLIST_KEY_UIApplicationSceneManifest_Generation = YES;
				INFOPLIST_KEY_UIApplicationSupportsIndirectInputEvents = YES;
				INFOPLIST_KEY_UILaunchScreen_Generation = YES;
				INFOPLIST_KEY_UISupportedInterfaceOrientations_iPad = "UIInterfaceOrientationPortrait UIInterfaceOrientationPortraitUpsideDown UIInterfaceOrientationLandscapeLeft UIInterfaceOrientationLandscapeRight";
				INFOPLIST_KEY_UISupportedInterfaceOrientations_iPhone = "UIInterfaceOrientationPortrait UIInterfaceOrientationLandscapeLeft UIInterfaceOrientationLandscapeRight";
				LD_RUNPATH_SEARCH_PATHS = (
					"$(inherited)",
					"@executable_path/Frameworks",
				);
				MARKETING_VERSION = 1.0;
				PRODUCT_BUNDLE_IDENTIFIER = arjun.GoalFish;
				PRODUCT_NAME = "$(TARGET_NAME)";
				SWIFT_EMIT_LOC_STRINGS = YES;
				SWIFT_VERSION = 5.0;
				TARGETED_DEVICE_FAMILY = "1,2";
			};
			name = Release;
		};
		1FC118672B8EE2B8005C69AF /* Debug */ = {
			isa = XCBuildConfiguration;
			buildSettings = {
				ALWAYS_EMBED_SWIFT_STANDARD_LIBRARIES = YES;
				BUNDLE_LOADER = "$(TEST_HOST)";
				CODE_SIGN_STYLE = Automatic;
				CURRENT_PROJECT_VERSION = 1;
				DEVELOPMENT_TEAM = 8JR9LQVS6X;
				GENERATE_INFOPLIST_FILE = YES;
				IPHONEOS_DEPLOYMENT_TARGET = 17.2;
				MARKETING_VERSION = 1.0;
				PRODUCT_BUNDLE_IDENTIFIER = arjun.GoalFishTests;
				PRODUCT_NAME = "$(TARGET_NAME)";
				SWIFT_EMIT_LOC_STRINGS = NO;
				SWIFT_VERSION = 5.0;
				TARGETED_DEVICE_FAMILY = "1,2";
				TEST_HOST = "$(BUILT_PRODUCTS_DIR)/GoalFish.app/$(BUNDLE_EXECUTABLE_FOLDER_PATH)/GoalFish";
			};
			name = Debug;
		};
		1FC118682B8EE2B8005C69AF /* Release */ = {
			isa = XCBuildConfiguration;
			buildSettings = {
				ALWAYS_EMBED_SWIFT_STANDARD_LIBRARIES = YES;
				BUNDLE_LOADER = "$(TEST_HOST)";
				CODE_SIGN_STYLE = Automatic;
				CURRENT_PROJECT_VERSION = 1;
				DEVELOPMENT_TEAM = 8JR9LQVS6X;
				GENERATE_INFOPLIST_FILE = YES;
				IPHONEOS_DEPLOYMENT_TARGET = 17.2;
				MARKETING_VERSION = 1.0;
				PRODUCT_BUNDLE_IDENTIFIER = arjun.GoalFishTests;
				PRODUCT_NAME = "$(TARGET_NAME)";
				SWIFT_EMIT_LOC_STRINGS = NO;
				SWIFT_VERSION = 5.0;
				TARGETED_DEVICE_FAMILY = "1,2";
				TEST_HOST = "$(BUILT_PRODUCTS_DIR)/GoalFish.app/$(BUNDLE_EXECUTABLE_FOLDER_PATH)/GoalFish";
			};
			name = Release;
		};
		1FC1186A2B8EE2B8005C69AF /* Debug */ = {
			isa = XCBuildConfiguration;
			buildSettings = {
				ALWAYS_EMBED_SWIFT_STANDARD_LIBRARIES = YES;
				CODE_SIGN_STYLE = Automatic;
				CURRENT_PROJECT_VERSION = 1;
				DEVELOPMENT_TEAM = 8JR9LQVS6X;
				GENERATE_INFOPLIST_FILE = YES;
				MARKETING_VERSION = 1.0;
				PRODUCT_BUNDLE_IDENTIFIER = arjun.GoalFishUITests;
				PRODUCT_NAME = "$(TARGET_NAME)";
				SWIFT_EMIT_LOC_STRINGS = NO;
				SWIFT_VERSION = 5.0;
				TARGETED_DEVICE_FAMILY = "1,2";
				TEST_TARGET_NAME = GoalFish;
			};
			name = Debug;
		};
		1FC1186B2B8EE2B8005C69AF /* Release */ = {
			isa = XCBuildConfiguration;
			buildSettings = {
				ALWAYS_EMBED_SWIFT_STANDARD_LIBRARIES = YES;
				CODE_SIGN_STYLE = Automatic;
				CURRENT_PROJECT_VERSION = 1;
				DEVELOPMENT_TEAM = 8JR9LQVS6X;
				GENERATE_INFOPLIST_FILE = YES;
				MARKETING_VERSION = 1.0;
				PRODUCT_BUNDLE_IDENTIFIER = arjun.GoalFishUITests;
				PRODUCT_NAME = "$(TARGET_NAME)";
				SWIFT_EMIT_LOC_STRINGS = NO;
				SWIFT_VERSION = 5.0;
				TARGETED_DEVICE_FAMILY = "1,2";
				TEST_TARGET_NAME = GoalFish;
			};
			name = Release;
		};
/* End XCBuildConfiguration section */

/* Begin XCConfigurationList section */
		1FC1183A2B8EE2B7005C69AF /* Build configuration list for PBXProject "GoalFish" */ = {
			isa = XCConfigurationList;
			buildConfigurations = (
				1FC118612B8EE2B8005C69AF /* Debug */,
				1FC118622B8EE2B8005C69AF /* Release */,
			);
			defaultConfigurationIsVisible = 0;
			defaultConfigurationName = Release;
		};
		1FC118632B8EE2B8005C69AF /* Build configuration list for PBXNativeTarget "GoalFish" */ = {
			isa = XCConfigurationList;
			buildConfigurations = (
				1FC118642B8EE2B8005C69AF /* Debug */,
				1FC118652B8EE2B8005C69AF /* Release */,
			);
			defaultConfigurationIsVisible = 0;
			defaultConfigurationName = Release;
		};
		1FC118662B8EE2B8005C69AF /* Build configuration list for PBXNativeTarget "GoalFishTests" */ = {
			isa = XCConfigurationList;
			buildConfigurations = (
				1FC118672B8EE2B8005C69AF /* Debug */,
				1FC118682B8EE2B8005C69AF /* Release */,
			);
			defaultConfigurationIsVisible = 0;
			defaultConfigurationName = Release;
		};
		1FC118692B8EE2B8005C69AF /* Build configuration list for PBXNativeTarget "GoalFishUITests" */ = {
			isa = XCConfigurationList;
			buildConfigurations = (
				1FC1186A2B8EE2B8005C69AF /* Debug */,
				1FC1186B2B8EE2B8005C69AF /* Release */,
			);
			defaultConfigurationIsVisible = 0;
			defaultConfigurationName = Release;
		};
/* End XCConfigurationList section */
	};
	rootObject = 1FC118372B8EE2B7005C69AF /* Project object */;
}
